// !$*UTF8*$!
{
	archiveVersion = 1;
	classes = {
	};
	objectVersion = 55;
	objects = {

/* Begin PBXBuildFile section */
		23FA618B282AF74800CE84D8 /* AppDelegate.swift in Sources */ = {isa = PBXBuildFile; fileRef = 23FA618A282AF74800CE84D8 /* AppDelegate.swift */; };
		23FA618D282AF74800CE84D8 /* SceneDelegate.swift in Sources */ = {isa = PBXBuildFile; fileRef = 23FA618C282AF74800CE84D8 /* SceneDelegate.swift */; };
		23FA618F282AF74800CE84D8 /* ViewController.swift in Sources */ = {isa = PBXBuildFile; fileRef = 23FA618E282AF74800CE84D8 /* ViewController.swift */; };
		23FA6192282AF74800CE84D8 /* Main.storyboard in Resources */ = {isa = PBXBuildFile; fileRef = 23FA6190282AF74800CE84D8 /* Main.storyboard */; };
		23FA6194282AF74A00CE84D8 /* Assets.xcassets in Resources */ = {isa = PBXBuildFile; fileRef = 23FA6193282AF74A00CE84D8 /* Assets.xcassets */; };
		23FA6197282AF74A00CE84D8 /* LaunchScreen.storyboard in Resources */ = {isa = PBXBuildFile; fileRef = 23FA6195282AF74A00CE84D8 /* LaunchScreen.storyboard */; };
		23FA61A2282AF74A00CE84D8 /* music2Tests.swift in Sources */ = {isa = PBXBuildFile; fileRef = 23FA61A1282AF74A00CE84D8 /* music2Tests.swift */; };
		23FA61AC282AF74A00CE84D8 /* music2UITests.swift in Sources */ = {isa = PBXBuildFile; fileRef = 23FA61AB282AF74A00CE84D8 /* music2UITests.swift */; };
		23FA61AE282AF74A00CE84D8 /* music2UITestsLaunchTests.swift in Sources */ = {isa = PBXBuildFile; fileRef = 23FA61AD282AF74A00CE84D8 /* music2UITestsLaunchTests.swift */; };
/* End PBXBuildFile section */

/* Begin PBXContainerItemProxy section */
		23FA619E282AF74A00CE84D8 /* PBXContainerItemProxy */ = {
			isa = PBXContainerItemProxy;
			containerPortal = 23FA617F282AF74800CE84D8 /* Project object */;
			proxyType = 1;
			remoteGlobalIDString = 23FA6186282AF74800CE84D8;
			remoteInfo = music2;
		};
		23FA61A8282AF74A00CE84D8 /* PBXContainerItemProxy */ = {
			isa = PBXContainerItemProxy;
			containerPortal = 23FA617F282AF74800CE84D8 /* Project object */;
			proxyType = 1;
			remoteGlobalIDString = 23FA6186282AF74800CE84D8;
			remoteInfo = music2;
		};
/* End PBXContainerItemProxy section */

/* Begin PBXFileReference section */
		23FA6187282AF74800CE84D8 /* music2.app */ = {isa = PBXFileReference; explicitFileType = wrapper.application; includeInIndex = 0; path = music2.app; sourceTree = BUILT_PRODUCTS_DIR; };
		23FA618A282AF74800CE84D8 /* AppDelegate.swift */ = {isa = PBXFileReference; lastKnownFileType = sourcecode.swift; path = AppDelegate.swift; sourceTree = "<group>"; };
		23FA618C282AF74800CE84D8 /* SceneDelegate.swift */ = {isa = PBXFileReference; lastKnownFileType = sourcecode.swift; path = SceneDelegate.swift; sourceTree = "<group>"; };
		23FA618E282AF74800CE84D8 /* ViewController.swift */ = {isa = PBXFileReference; lastKnownFileType = sourcecode.swift; path = ViewController.swift; sourceTree = "<group>"; };
		23FA6191282AF74800CE84D8 /* Base */ = {isa = PBXFileReference; lastKnownFileType = file.storyboard; name = Base; path = Base.lproj/Main.storyboard; sourceTree = "<group>"; };
		23FA6193282AF74A00CE84D8 /* Assets.xcassets */ = {isa = PBXFileReference; lastKnownFileType = folder.assetcatalog; path = Assets.xcassets; sourceTree = "<group>"; };
		23FA6196282AF74A00CE84D8 /* Base */ = {isa = PBXFileReference; lastKnownFileType = file.storyboard; name = Base; path = Base.lproj/LaunchScreen.storyboard; sourceTree = "<group>"; };
		23FA6198282AF74A00CE84D8 /* Info.plist */ = {isa = PBXFileReference; lastKnownFileType = text.plist.xml; path = Info.plist; sourceTree = "<group>"; };
		23FA619D282AF74A00CE84D8 /* music2Tests.xctest */ = {isa = PBXFileReference; explicitFileType = wrapper.cfbundle; includeInIndex = 0; path = music2Tests.xctest; sourceTree = BUILT_PRODUCTS_DIR; };
		23FA61A1282AF74A00CE84D8 /* music2Tests.swift */ = {isa = PBXFileReference; lastKnownFileType = sourcecode.swift; path = music2Tests.swift; sourceTree = "<group>"; };
		23FA61A7282AF74A00CE84D8 /* music2UITests.xctest */ = {isa = PBXFileReference; explicitFileType = wrapper.cfbundle; includeInIndex = 0; path = music2UITests.xctest; sourceTree = BUILT_PRODUCTS_DIR; };
		23FA61AB282AF74A00CE84D8 /* music2UITests.swift */ = {isa = PBXFileReference; lastKnownFileType = sourcecode.swift; path = music2UITests.swift; sourceTree = "<group>"; };
		23FA61AD282AF74A00CE84D8 /* music2UITestsLaunchTests.swift */ = {isa = PBXFileReference; lastKnownFileType = sourcecode.swift; path = music2UITestsLaunchTests.swift; sourceTree = "<group>"; };
/* End PBXFileReference section */

/* Begin PBXFrameworksBuildPhase section */
		23FA6184282AF74800CE84D8 /* Frameworks */ = {
			isa = PBXFrameworksBuildPhase;
			buildActionMask = 2147483647;
			files = (
			);
			runOnlyForDeploymentPostprocessing = 0;
		};
		23FA619A282AF74A00CE84D8 /* Frameworks */ = {
			isa = PBXFrameworksBuildPhase;
			buildActionMask = 2147483647;
			files = (
			);
			runOnlyForDeploymentPostprocessing = 0;
		};
		23FA61A4282AF74A00CE84D8 /* Frameworks */ = {
			isa = PBXFrameworksBuildPhase;
			buildActionMask = 2147483647;
			files = (
			);
			runOnlyForDeploymentPostprocessing = 0;
		};
/* End PBXFrameworksBuildPhase section */

/* Begin PBXGroup section */
		23FA617E282AF74800CE84D8 = {
			isa = PBXGroup;
			children = (
				23FA6189282AF74800CE84D8 /* music2 */,
				23FA61A0282AF74A00CE84D8 /* music2Tests */,
				23FA61AA282AF74A00CE84D8 /* music2UITests */,
				23FA6188282AF74800CE84D8 /* Products */,
			);
			sourceTree = "<group>";
		};
		23FA6188282AF74800CE84D8 /* Products */ = {
			isa = PBXGroup;
			children = (
				23FA6187282AF74800CE84D8 /* music2.app */,
				23FA619D282AF74A00CE84D8 /* music2Tests.xctest */,
				23FA61A7282AF74A00CE84D8 /* music2UITests.xctest */,
			);
			name = Products;
			sourceTree = "<group>";
		};
		23FA6189282AF74800CE84D8 /* music2 */ = {
			isa = PBXGroup;
			children = (
				23FA618A282AF74800CE84D8 /* AppDelegate.swift */,
				23FA618C282AF74800CE84D8 /* SceneDelegate.swift */,
				23FA618E282AF74800CE84D8 /* ViewController.swift */,
				23FA6190282AF74800CE84D8 /* Main.storyboard */,
				23FA6193282AF74A00CE84D8 /* Assets.xcassets */,
				23FA6195282AF74A00CE84D8 /* LaunchScreen.storyboard */,
				23FA6198282AF74A00CE84D8 /* Info.plist */,
			);
			path = music2;
			sourceTree = "<group>";
		};
		23FA61A0282AF74A00CE84D8 /* music2Tests */ = {
			isa = PBXGroup;
			children = (
				23FA61A1282AF74A00CE84D8 /* music2Tests.swift */,
			);
			path = music2Tests;
			sourceTree = "<group>";
		};
		23FA61AA282AF74A00CE84D8 /* music2UITests */ = {
			isa = PBXGroup;
			children = (
				23FA61AB282AF74A00CE84D8 /* music2UITests.swift */,
				23FA61AD282AF74A00CE84D8 /* music2UITestsLaunchTests.swift */,
			);
			path = music2UITests;
			sourceTree = "<group>";
		};
/* End PBXGroup section */

/* Begin PBXNativeTarget section */
		23FA6186282AF74800CE84D8 /* music2 */ = {
			isa = PBXNativeTarget;
			buildConfigurationList = 23FA61B1282AF74A00CE84D8 /* Build configuration list for PBXNativeTarget "music2" */;
			buildPhases = (
				23FA6183282AF74800CE84D8 /* Sources */,
				23FA6184282AF74800CE84D8 /* Frameworks */,
				23FA6185282AF74800CE84D8 /* Resources */,
			);
			buildRules = (
			);
			dependencies = (
			);
			name = music2;
			productName = music2;
			productReference = 23FA6187282AF74800CE84D8 /* music2.app */;
			productType = "com.apple.product-type.application";
		};
		23FA619C282AF74A00CE84D8 /* music2Tests */ = {
			isa = PBXNativeTarget;
			buildConfigurationList = 23FA61B4282AF74A00CE84D8 /* Build configuration list for PBXNativeTarget "music2Tests" */;
			buildPhases = (
				23FA6199282AF74A00CE84D8 /* Sources */,
				23FA619A282AF74A00CE84D8 /* Frameworks */,
				23FA619B282AF74A00CE84D8 /* Resources */,
			);
			buildRules = (
			);
			dependencies = (
				23FA619F282AF74A00CE84D8 /* PBXTargetDependency */,
			);
			name = music2Tests;
			productName = music2Tests;
			productReference = 23FA619D282AF74A00CE84D8 /* music2Tests.xctest */;
			productType = "com.apple.product-type.bundle.unit-test";
		};
		23FA61A6282AF74A00CE84D8 /* music2UITests */ = {
			isa = PBXNativeTarget;
			buildConfigurationList = 23FA61B7282AF74A00CE84D8 /* Build configuration list for PBXNativeTarget "music2UITests" */;
			buildPhases = (
				23FA61A3282AF74A00CE84D8 /* Sources */,
				23FA61A4282AF74A00CE84D8 /* Frameworks */,
				23FA61A5282AF74A00CE84D8 /* Resources */,
			);
			buildRules = (
			);
			dependencies = (
				23FA61A9282AF74A00CE84D8 /* PBXTargetDependency */,
			);
			name = music2UITests;
			productName = music2UITests;
			productReference = 23FA61A7282AF74A00CE84D8 /* music2UITests.xctest */;
			productType = "com.apple.product-type.bundle.ui-testing";
		};
/* End PBXNativeTarget section */

/* Begin PBXProject section */
		23FA617F282AF74800CE84D8 /* Project object */ = {
			isa = PBXProject;
			attributes = {
				BuildIndependentTargetsInParallel = 1;
				LastSwiftUpdateCheck = 1330;
				LastUpgradeCheck = 1330;
				TargetAttributes = {
					23FA6186282AF74800CE84D8 = {
						CreatedOnToolsVersion = 13.3.1;
					};
					23FA619C282AF74A00CE84D8 = {
						CreatedOnToolsVersion = 13.3.1;
						TestTargetID = 23FA6186282AF74800CE84D8;
					};
					23FA61A6282AF74A00CE84D8 = {
						CreatedOnToolsVersion = 13.3.1;
						TestTargetID = 23FA6186282AF74800CE84D8;
					};
				};
			};
			buildConfigurationList = 23FA6182282AF74800CE84D8 /* Build configuration list for PBXProject "music2" */;
			compatibilityVersion = "Xcode 13.0";
			developmentRegion = en;
			hasScannedForEncodings = 0;
			knownRegions = (
				en,
				Base,
			);
			mainGroup = 23FA617E282AF74800CE84D8;
			productRefGroup = 23FA6188282AF74800CE84D8 /* Products */;
			projectDirPath = "";
			projectRoot = "";
			targets = (
				23FA6186282AF74800CE84D8 /* music2 */,
				23FA619C282AF74A00CE84D8 /* music2Tests */,
				23FA61A6282AF74A00CE84D8 /* music2UITests */,
			);
		};
/* End PBXProject section */

/* Begin PBXResourcesBuildPhase section */
		23FA6185282AF74800CE84D8 /* Resources */ = {
			isa = PBXResourcesBuildPhase;
			buildActionMask = 2147483647;
			files = (
				23FA6197282AF74A00CE84D8 /* LaunchScreen.storyboard in Resources */,
				23FA6194282AF74A00CE84D8 /* Assets.xcassets in Resources */,
				23FA6192282AF74800CE84D8 /* Main.storyboard in Resources */,
			);
			runOnlyForDeploymentPostprocessing = 0;
		};
		23FA619B282AF74A00CE84D8 /* Resources */ = {
			isa = PBXResourcesBuildPhase;
			buildActionMask = 2147483647;
			files = (
			);
			runOnlyForDeploymentPostprocessing = 0;
		};
		23FA61A5282AF74A00CE84D8 /* Resources */ = {
			isa = PBXResourcesBuildPhase;
			buildActionMask = 2147483647;
			files = (
			);
			runOnlyForDeploymentPostprocessing = 0;
		};
/* End PBXResourcesBuildPhase section */

/* Begin PBXSourcesBuildPhase section */
		23FA6183282AF74800CE84D8 /* Sources */ = {
			isa = PBXSourcesBuildPhase;
			buildActionMask = 2147483647;
			files = (
				23FA618F282AF74800CE84D8 /* ViewController.swift in Sources */,
				23FA618B282AF74800CE84D8 /* AppDelegate.swift in Sources */,
				23FA618D282AF74800CE84D8 /* SceneDelegate.swift in Sources */,
			);
			runOnlyForDeploymentPostprocessing = 0;
		};
		23FA6199282AF74A00CE84D8 /* Sources */ = {
			isa = PBXSourcesBuildPhase;
			buildActionMask = 2147483647;
			files = (
				23FA61A2282AF74A00CE84D8 /* music2Tests.swift in Sources */,
			);
			runOnlyForDeploymentPostprocessing = 0;
		};
		23FA61A3282AF74A00CE84D8 /* Sources */ = {
			isa = PBXSourcesBuildPhase;
			buildActionMask = 2147483647;
			files = (
				23FA61AC282AF74A00CE84D8 /* music2UITests.swift in Sources */,
				23FA61AE282AF74A00CE84D8 /* music2UITestsLaunchTests.swift in Sources */,
			);
			runOnlyForDeploymentPostprocessing = 0;
		};
/* End PBXSourcesBuildPhase section */

/* Begin PBXTargetDependency section */
		23FA619F282AF74A00CE84D8 /* PBXTargetDependency */ = {
			isa = PBXTargetDependency;
			target = 23FA6186282AF74800CE84D8 /* music2 */;
			targetProxy = 23FA619E282AF74A00CE84D8 /* PBXContainerItemProxy */;
		};
		23FA61A9282AF74A00CE84D8 /* PBXTargetDependency */ = {
			isa = PBXTargetDependency;
			target = 23FA6186282AF74800CE84D8 /* music2 */;
			targetProxy = 23FA61A8282AF74A00CE84D8 /* PBXContainerItemProxy */;
		};
/* End PBXTargetDependency section */

/* Begin PBXVariantGroup section */
		23FA6190282AF74800CE84D8 /* Main.storyboard */ = {
			isa = PBXVariantGroup;
			children = (
				23FA6191282AF74800CE84D8 /* Base */,
			);
			name = Main.storyboard;
			sourceTree = "<group>";
		};
		23FA6195282AF74A00CE84D8 /* LaunchScreen.storyboard */ = {
			isa = PBXVariantGroup;
			children = (
				23FA6196282AF74A00CE84D8 /* Base */,
			);
			name = LaunchScreen.storyboard;
			sourceTree = "<group>";
		};
/* End PBXVariantGroup section */

/* Begin XCBuildConfiguration section */
		23FA61AF282AF74A00CE84D8 /* Debug */ = {
			isa = XCBuildConfiguration;
			buildSettings = {
				ALWAYS_SEARCH_USER_PATHS = NO;
				CLANG_ANALYZER_NONNULL = YES;
				CLANG_ANALYZER_NUMBER_OBJECT_CONVERSION = YES_AGGRESSIVE;
				CLANG_CXX_LANGUAGE_STANDARD = "gnu++17";
				CLANG_ENABLE_MODULES = YES;
				CLANG_ENABLE_OBJC_ARC = YES;
				CLANG_ENABLE_OBJC_WEAK = YES;
				CLANG_WARN_BLOCK_CAPTURE_AUTORELEASING = YES;
				CLANG_WARN_BOOL_CONVERSION = YES;
				CLANG_WARN_COMMA = YES;
				CLANG_WARN_CONSTANT_CONVERSION = YES;
				CLANG_WARN_DEPRECATED_OBJC_IMPLEMENTATIONS = YES;
				CLANG_WARN_DIRECT_OBJC_ISA_USAGE = YES_ERROR;
				CLANG_WARN_DOCUMENTATION_COMMENTS = YES;
				CLANG_WARN_EMPTY_BODY = YES;
				CLANG_WARN_ENUM_CONVERSION = YES;
				CLANG_WARN_INFINITE_RECURSION = YES;
				CLANG_WARN_INT_CONVERSION = YES;
				CLANG_WARN_NON_LITERAL_NULL_CONVERSION = YES;
				CLANG_WARN_OBJC_IMPLICIT_RETAIN_SELF = YES;
				CLANG_WARN_OBJC_LITERAL_CONVERSION = YES;
				CLANG_WARN_OBJC_ROOT_CLASS = YES_ERROR;
				CLANG_WARN_QUOTED_INCLUDE_IN_FRAMEWORK_HEADER = YES;
				CLANG_WARN_RANGE_LOOP_ANALYSIS = YES;
				CLANG_WARN_STRICT_PROTOTYPES = YES;
				CLANG_WARN_SUSPICIOUS_MOVE = YES;
				CLANG_WARN_UNGUARDED_AVAILABILITY = YES_AGGRESSIVE;
				CLANG_WARN_UNREACHABLE_CODE = YES;
				CLANG_WARN__DUPLICATE_METHOD_MATCH = YES;
				COPY_PHASE_STRIP = NO;
				DEBUG_INFORMATION_FORMAT = dwarf;
				ENABLE_STRICT_OBJC_MSGSEND = YES;
				ENABLE_TESTABILITY = YES;
				GCC_C_LANGUAGE_STANDARD = gnu11;
				GCC_DYNAMIC_NO_PIC = NO;
				GCC_NO_COMMON_BLOCKS = YES;
				GCC_OPTIMIZATION_LEVEL = 0;
				GCC_PREPROCESSOR_DEFINITIONS = (
					"DEBUG=1",
					"$(inherited)",
				);
				GCC_WARN_64_TO_32_BIT_CONVERSION = YES;
				GCC_WARN_ABOUT_RETURN_TYPE = YES_ERROR;
				GCC_WARN_UNDECLARED_SELECTOR = YES;
				GCC_WARN_UNINITIALIZED_AUTOS = YES_AGGRESSIVE;
				GCC_WARN_UNUSED_FUNCTION = YES;
				GCC_WARN_UNUSED_VARIABLE = YES;
				IPHONEOS_DEPLOYMENT_TARGET = 15.4;
				MTL_ENABLE_DEBUG_INFO = INCLUDE_SOURCE;
				MTL_FAST_MATH = YES;
				ONLY_ACTIVE_ARCH = YES;
				SDKROOT = iphoneos;
				SWIFT_ACTIVE_COMPILATION_CONDITIONS = DEBUG;
				SWIFT_OPTIMIZATION_LEVEL = "-Onone";
			};
			name = Debug;
		};
		23FA61B0282AF74A00CE84D8 /* Release */ = {
			isa = XCBuildConfiguration;
			buildSettings = {
				ALWAYS_SEARCH_USER_PATHS = NO;
				CLANG_ANALYZER_NONNULL = YES;
				CLANG_ANALYZER_NUMBER_OBJECT_CONVERSION = YES_AGGRESSIVE;
				CLANG_CXX_LANGUAGE_STANDARD = "gnu++17";
				CLANG_ENABLE_MODULES = YES;
				CLANG_ENABLE_OBJC_ARC = YES;
				CLANG_ENABLE_OBJC_WEAK = YES;
				CLANG_WARN_BLOCK_CAPTURE_AUTORELEASING = YES;
				CLANG_WARN_BOOL_CONVERSION = YES;
				CLANG_WARN_COMMA = YES;
				CLANG_WARN_CONSTANT_CONVERSION = YES;
				CLANG_WARN_DEPRECATED_OBJC_IMPLEMENTATIONS = YES;
				CLANG_WARN_DIRECT_OBJC_ISA_USAGE = YES_ERROR;
				CLANG_WARN_DOCUMENTATION_COMMENTS = YES;
				CLANG_WARN_EMPTY_BODY = YES;
				CLANG_WARN_ENUM_CONVERSION = YES;
				CLANG_WARN_INFINITE_RECURSION = YES;
				CLANG_WARN_INT_CONVERSION = YES;
				CLANG_WARN_NON_LITERAL_NULL_CONVERSION = YES;
				CLANG_WARN_OBJC_IMPLICIT_RETAIN_SELF = YES;
				CLANG_WARN_OBJC_LITERAL_CONVERSION = YES;
				CLANG_WARN_OBJC_ROOT_CLASS = YES_ERROR;
				CLANG_WARN_QUOTED_INCLUDE_IN_FRAMEWORK_HEADER = YES;
				CLANG_WARN_RANGE_LOOP_ANALYSIS = YES;
				CLANG_WARN_STRICT_PROTOTYPES = YES;
				CLANG_WARN_SUSPICIOUS_MOVE = YES;
				CLANG_WARN_UNGUARDED_AVAILABILITY = YES_AGGRESSIVE;
				CLANG_WARN_UNREACHABLE_CODE = YES;
				CLANG_WARN__DUPLICATE_METHOD_MATCH = YES;
				COPY_PHASE_STRIP = NO;
				DEBUG_INFORMATION_FORMAT = "dwarf-with-dsym";
				ENABLE_NS_ASSERTIONS = NO;
				ENABLE_STRICT_OBJC_MSGSEND = YES;
				GCC_C_LANGUAGE_STANDARD = gnu11;
				GCC_NO_COMMON_BLOCKS = YES;
				GCC_WARN_64_TO_32_BIT_CONVERSION = YES;
				GCC_WARN_ABOUT_RETURN_TYPE = YES_ERROR;
				GCC_WARN_UNDECLARED_SELECTOR = YES;
				GCC_WARN_UNINITIALIZED_AUTOS = YES_AGGRESSIVE;
				GCC_WARN_UNUSED_FUNCTION = YES;
				GCC_WARN_UNUSED_VARIABLE = YES;
				IPHONEOS_DEPLOYMENT_TARGET = 15.4;
				MTL_ENABLE_DEBUG_INFO = NO;
				MTL_FAST_MATH = YES;
				SDKROOT = iphoneos;
				SWIFT_COMPILATION_MODE = wholemodule;
				SWIFT_OPTIMIZATION_LEVEL = "-O";
				VALIDATE_PRODUCT = YES;
			};
			name = Release;
		};
		23FA61B2282AF74A00CE84D8 /* Debug */ = {
			isa = XCBuildConfiguration;
			buildSettings = {
				ASSETCATALOG_COMPILER_APPICON_NAME = AppIcon;
				ASSETCATALOG_COMPILER_GLOBAL_ACCENT_COLOR_NAME = AccentColor;
				CODE_SIGN_STYLE = Automatic;
				CURRENT_PROJECT_VERSION = 1;
				GENERATE_INFOPLIST_FILE = YES;
				INFOPLIST_FILE = music2/Info.plist;
				INFOPLIST_KEY_UIApplicationSupportsIndirectInputEvents = YES;
				INFOPLIST_KEY_UILaunchStoryboardName = LaunchScreen;
				INFOPLIST_KEY_UIMainStoryboardFile = Main;
				INFOPLIST_KEY_UISupportedInterfaceOrientations_iPad = "UIInterfaceOrientationPortrait UIInterfaceOrientationPortraitUpsideDown UIInterfaceOrientationLandscapeLeft UIInterfaceOrientationLandscapeRight";
				INFOPLIST_KEY_UISupportedInterfaceOrientations_iPhone = "UIInterfaceOrientationPortrait UIInterfaceOrientationLandscapeLeft UIInterfaceOrientationLandscapeRight";
				LD_RUNPATH_SEARCH_PATHS = (
					"$(inherited)",
					"@executable_path/Frameworks",
				);
				MARKETING_VERSION = 1.0;
				PRODUCT_BUNDLE_IDENTIFIER = CJ.music2;
				PRODUCT_NAME = "$(TARGET_NAME)";
				SWIFT_EMIT_LOC_STRINGS = YES;
				SWIFT_VERSION = 5.0;
				TARGETED_DEVICE_FAMILY = "1,2";
			};
			name = Debug;
		};
		23FA61B3282AF74A00CE84D8 /* Release */ = {
			isa = XCBuildConfiguration;
			buildSettings = {
				ASSETCATALOG_COMPILER_APPICON_NAME = AppIcon;
				ASSETCATALOG_COMPILER_GLOBAL_ACCENT_COLOR_NAME = AccentColor;
				CODE_SIGN_STYLE = Automatic;
				CURRENT_PROJECT_VERSION = 1;
				GENERATE_INFOPLIST_FILE = YES;
				INFOPLIST_FILE = music2/Info.plist;
				INFOPLIST_KEY_UIApplicationSupportsIndirectInputEvents = YES;
				INFOPLIST_KEY_UILaunchStoryboardName = LaunchScreen;
				INFOPLIST_KEY_UIMainStoryboardFile = Main;
				INFOPLIST_KEY_UISupportedInterfaceOrientations_iPad = "UIInterfaceOrientationPortrait UIInterfaceOrientationPortraitUpsideDown UIInterfaceOrientationLandscapeLeft UIInterfaceOrientationLandscapeRight";
				INFOPLIST_KEY_UISupportedInterfaceOrientations_iPhone = "UIInterfaceOrientationPortrait UIInterfaceOrientationLandscapeLeft UIInterfaceOrientationLandscapeRight";
				LD_RUNPATH_SEARCH_PATHS = (
					"$(inherited)",
					"@executable_path/Frameworks",
				);
				MARKETING_VERSION = 1.0;
				PRODUCT_BUNDLE_IDENTIFIER = CJ.music2;
				PRODUCT_NAME = "$(TARGET_NAME)";
				SWIFT_EMIT_LOC_STRINGS = YES;
				SWIFT_VERSION = 5.0;
				TARGETED_DEVICE_FAMILY = "1,2";
			};
			name = Release;
		};
		23FA61B5282AF74A00CE84D8 /* Debug */ = {
			isa = XCBuildConfiguration;
			buildSettings = {
				ALWAYS_EMBED_SWIFT_STANDARD_LIBRARIES = YES;
				BUNDLE_LOADER = "$(TEST_HOST)";
				CODE_SIGN_STYLE = Automatic;
				CURRENT_PROJECT_VERSION = 1;
				GENERATE_INFOPLIST_FILE = YES;
				IPHONEOS_DEPLOYMENT_TARGET = 15.4;
				MARKETING_VERSION = 1.0;
				PRODUCT_BUNDLE_IDENTIFIER = CJ.music2Tests;
				PRODUCT_NAME = "$(TARGET_NAME)";
				SWIFT_EMIT_LOC_STRINGS = NO;
				SWIFT_VERSION = 5.0;
				TARGETED_DEVICE_FAMILY = "1,2";
				TEST_HOST = "$(BUILT_PRODUCTS_DIR)/music2.app/music2";
			};
			name = Debug;
		};
		23FA61B6282AF74A00CE84D8 /* Release */ = {
			isa = XCBuildConfiguration;
			buildSettings = {
				ALWAYS_EMBED_SWIFT_STANDARD_LIBRARIES = YES;
				BUNDLE_LOADER = "$(TEST_HOST)";
				CODE_SIGN_STYLE = Automatic;
				CURRENT_PROJECT_VERSION = 1;
				GENERATE_INFOPLIST_FILE = YES;
				IPHONEOS_DEPLOYMENT_TARGET = 15.4;
				MARKETING_VERSION = 1.0;
				PRODUCT_BUNDLE_IDENTIFIER = CJ.music2Tests;
				PRODUCT_NAME = "$(TARGET_NAME)";
				SWIFT_EMIT_LOC_STRINGS = NO;
				SWIFT_VERSION = 5.0;
				TARGETED_DEVICE_FAMILY = "1,2";
				TEST_HOST = "$(BUILT_PRODUCTS_DIR)/music2.app/music2";
			};
			name = Release;
		};
		23FA61B8282AF74A00CE84D8 /* Debug */ = {
			isa = XCBuildConfiguration;
			buildSettings = {
				ALWAYS_EMBED_SWIFT_STANDARD_LIBRARIES = YES;
				CODE_SIGN_STYLE = Automatic;
				CURRENT_PROJECT_VERSION = 1;
				GENERATE_INFOPLIST_FILE = YES;
				MARKETING_VERSION = 1.0;
				PRODUCT_BUNDLE_IDENTIFIER = CJ.music2UITests;
				PRODUCT_NAME = "$(TARGET_NAME)";
				SWIFT_EMIT_LOC_STRINGS = NO;
				SWIFT_VERSION = 5.0;
				TARGETED_DEVICE_FAMILY = "1,2";
				TEST_TARGET_NAME = music2;
			};
			name = Debug;
		};
		23FA61B9282AF74A00CE84D8 /* Release */ = {
			isa = XCBuildConfiguration;
			buildSettings = {
				ALWAYS_EMBED_SWIFT_STANDARD_LIBRARIES = YES;
				CODE_SIGN_STYLE = Automatic;
				CURRENT_PROJECT_VERSION = 1;
				GENERATE_INFOPLIST_FILE = YES;
				MARKETING_VERSION = 1.0;
				PRODUCT_BUNDLE_IDENTIFIER = CJ.music2UITests;
				PRODUCT_NAME = "$(TARGET_NAME)";
				SWIFT_EMIT_LOC_STRINGS = NO;
				SWIFT_VERSION = 5.0;
				TARGETED_DEVICE_FAMILY = "1,2";
				TEST_TARGET_NAME = music2;
			};
			name = Release;
		};
/* End XCBuildConfiguration section */

/* Begin XCConfigurationList section */
		23FA6182282AF74800CE84D8 /* Build configuration list for PBXProject "music2" */ = {
			isa = XCConfigurationList;
			buildConfigurations = (
				23FA61AF282AF74A00CE84D8 /* Debug */,
				23FA61B0282AF74A00CE84D8 /* Release */,
			);
			defaultConfigurationIsVisible = 0;
			defaultConfigurationName = Release;
		};
		23FA61B1282AF74A00CE84D8 /* Build configuration list for PBXNativeTarget "music2" */ = {
			isa = XCConfigurationList;
			buildConfigurations = (
				23FA61B2282AF74A00CE84D8 /* Debug */,
				23FA61B3282AF74A00CE84D8 /* Release */,
			);
			defaultConfigurationIsVisible = 0;
			defaultConfigurationName = Release;
		};
		23FA61B4282AF74A00CE84D8 /* Build configuration list for PBXNativeTarget "music2Tests" */ = {
			isa = XCConfigurationList;
			buildConfigurations = (
				23FA61B5282AF74A00CE84D8 /* Debug */,
				23FA61B6282AF74A00CE84D8 /* Release */,
			);
			defaultConfigurationIsVisible = 0;
			defaultConfigurationName = Release;
		};
		23FA61B7282AF74A00CE84D8 /* Build configuration list for PBXNativeTarget "music2UITests" */ = {
			isa = XCConfigurationList;
			buildConfigurations = (
				23FA61B8282AF74A00CE84D8 /* Debug */,
				23FA61B9282AF74A00CE84D8 /* Release */,
			);
			defaultConfigurationIsVisible = 0;
			defaultConfigurationName = Release;
		};
/* End XCConfigurationList section */
	};
	rootObject = 23FA617F282AF74800CE84D8 /* Project object */;
}
